
Microsoft Visual Studio Solution File, Format Version 12.00
# Visual Studio 15
VisualStudioVersion = 15.0.28307.572
MinimumVisualStudioVersion = 10.0.40219.1
Project("{FAE04EC0-301F-11D3-BF4B-00C04F79EFBC}") = "DataType", "DataType\DataType.csproj", "{E5DB1DFC-0B97-4454-92FD-84EA16AD4D27}"
EndProject
Project("{FAE04EC0-301F-11D3-BF4B-00C04F79EFBC}") = "Helloworld", "Helloworld\Helloworld.csproj", "{8404EC15-21CD-4B10-8E61-04FC688FB538}"
EndProject
Project("{9A19103F-16F7-4668-BE54-9A1E7A4F7556}") = "passParam", "带参数传递\passParam.csproj", "{3C615DB0-801E-441A-8B93-C22ABFF7558B}"
EndProject
Project("{9A19103F-16F7-4668-BE54-9A1E7A4F7556}") = "ClauseStructure", "ClauseStructure\ClauseStructure.csproj", "{5C702164-5FB0-433E-A6B5-FAD32A991568}"
EndProject
Project("{9A19103F-16F7-4668-BE54-9A1E7A4F7556}") = "NamespaceExample", "NamespaceExample\NamespaceExample.csproj", "{F5D9E4CC-675E-40FE-903E-685C3E1FA91C}"
EndProject
Project("{FAE04EC0-301F-11D3-BF4B-00C04F79EFBC}") = "IOTest", "IOTest\IOTest.csproj", "{16AC9664-93C8-439D-B9A9-A69A9359565F}"
EndProject
Project("{9A19103F-16F7-4668-BE54-9A1E7A4F7556}") = "LinqStudy", "LinqStudy\LinqStudy.csproj", "{58306A8F-E021-4392-88A9-1B10AC1EADBD}"
EndProject
Project("{FAE04EC0-301F-11D3-BF4B-00C04F79EFBC}") = "GenDll", "GenDll\GenDll.csproj", "{0967F20E-30EE-4DF5-9084-6B20C94898B7}"
EndProject
Project("{FAE04EC0-301F-11D3-BF4B-00C04F79EFBC}") = "TestDll", "TestDll\TestDll.csproj", "{AC710E7C-6A9E-402C-8950-9D223F71DA1A}"
EndProject
Global
	GlobalSection(SolutionConfigurationPlatforms) = preSolution
		Debug|Any CPU = Debug|Any CPU
		Release|Any CPU = Release|Any CPU
	EndGlobalSection
	GlobalSection(ProjectConfigurationPlatforms) = postSolution
		{E5DB1DFC-0B97-4454-92FD-84EA16AD4D27}.Debug|Any CPU.ActiveCfg = Debug|Any CPU
		{E5DB1DFC-0B97-4454-92FD-84EA16AD4D27}.Debug|Any CPU.Build.0 = Debug|Any CPU
		{E5DB1DFC-0B97-4454-92FD-84EA16AD4D27}.Release|Any CPU.ActiveCfg = Release|Any CPU
		{E5DB1DFC-0B97-4454-92FD-84EA16AD4D27}.Release|Any CPU.Build.0 = Release|Any CPU
		{8404EC15-21CD-4B10-8E61-04FC688FB538}.Debug|Any CPU.ActiveCfg = Debug|Any CPU
		{8404EC15-21CD-4B10-8E61-04FC688FB538}.Debug|Any CPU.Build.0 = Debug|Any CPU
		{8404EC15-21CD-4B10-8E61-04FC688FB538}.Release|Any CPU.ActiveCfg = Release|Any CPU
		{8404EC15-21CD-4B10-8E61-04FC688FB538}.Release|Any CPU.Build.0 = Release|Any CPU
		{3C615DB0-801E-441A-8B93-C22ABFF7558B}.Debug|Any CPU.ActiveCfg = Debug|Any CPU
		{3C615DB0-801E-441A-8B93-C22ABFF7558B}.Debug|Any CPU.Build.0 = Debug|Any CPU
		{3C615DB0-801E-441A-8B93-C22ABFF7558B}.Release|Any CPU.ActiveCfg = Release|Any CPU
		{3C615DB0-801E-441A-8B93-C22ABFF7558B}.Release|Any CPU.Build.0 = Release|Any CPU
		{5C702164-5FB0-433E-A6B5-FAD32A991568}.Debug|Any CPU.ActiveCfg = Debug|Any CPU
		{5C702164-5FB0-433E-A6B5-FAD32A991568}.Debug|Any CPU.Build.0 = Debug|Any CPU
		{5C702164-5FB0-433E-A6B5-FAD32A991568}.Release|Any CPU.ActiveCfg = Release|Any CPU
		{5C702164-5FB0-433E-A6B5-FAD32A991568}.Release|Any CPU.Build.0 = Release|Any CPU
		{F5D9E4CC-675E-40FE-903E-685C3E1FA91C}.Debug|Any CPU.ActiveCfg = Debug|Any CPU
		{F5D9E4CC-675E-40FE-903E-685C3E1FA91C}.Debug|Any CPU.Build.0 = Debug|Any CPU
		{F5D9E4CC-675E-40FE-903E-685C3E1FA91C}.Release|Any CPU.ActiveCfg = Release|Any CPU
		{F5D9E4CC-675E-40FE-903E-685C3E1FA91C}.Release|Any CPU.Build.0 = Release|Any CPU
		{16AC9664-93C8-439D-B9A9-A69A9359565F}.Debug|Any CPU.ActiveCfg = Debug|Any CPU
		{16AC9664-93C8-439D-B9A9-A69A9359565F}.Debug|Any CPU.Build.0 = Debug|Any CPU
		{16AC9664-93C8-439D-B9A9-A69A9359565F}.Release|Any CPU.ActiveCfg = Release|Any CPU
		{16AC9664-93C8-439D-B9A9-A69A9359565F}.Release|Any CPU.Build.0 = Release|Any CPU
		{58306A8F-E021-4392-88A9-1B10AC1EADBD}.Debug|Any CPU.ActiveCfg = Debug|Any CPU
		{58306A8F-E021-4392-88A9-1B10AC1EADBD}.Debug|Any CPU.Build.0 = Debug|Any CPU
		{58306A8F-E021-4392-88A9-1B10AC1EADBD}.Release|Any CPU.ActiveCfg = Release|Any CPU
		{58306A8F-E021-4392-88A9-1B10AC1EADBD}.Release|Any CPU.Build.0 = Release|Any CPU
		{0967F20E-30EE-4DF5-9084-6B20C94898B7}.Debug|Any CPU.ActiveCfg = Debug|Any CPU
		{0967F20E-30EE-4DF5-9084-6B20C94898B7}.Debug|Any CPU.Build.0 = Debug|Any CPU
		{0967F20E-30EE-4DF5-9084-6B20C94898B7}.Release|Any CPU.ActiveCfg = Release|Any CPU
		{0967F20E-30EE-4DF5-9084-6B20C94898B7}.Release|Any CPU.Build.0 = Release|Any CPU
		{AC710E7C-6A9E-402C-8950-9D223F71DA1A}.Debug|Any CPU.ActiveCfg = Debug|Any CPU
		{AC710E7C-6A9E-402C-8950-9D223F71DA1A}.Debug|Any CPU.Build.0 = Debug|Any CPU
		{AC710E7C-6A9E-402C-8950-9D223F71DA1A}.Release|Any CPU.ActiveCfg = Release|Any CPU
		{AC710E7C-6A9E-402C-8950-9D223F71DA1A}.Release|Any CPU.Build.0 = Release|Any CPU
	EndGlobalSection
	GlobalSection(SolutionProperties) = preSolution
		HideSolutionNode = FALSE
	EndGlobalSection
	GlobalSection(ExtensibilityGlobals) = postSolution
		SolutionGuid = {BB231E27-77D3-4732-8C45-E79FAB3083EA}
	EndGlobalSection
EndGlobal
